
Microsoft Visual Studio Solution File, Format Version 12.00
# Visual Studio Version 16
VisualStudioVersion = 16.0.31424.327
MinimumVisualStudioVersion = 10.0.40219.1
Project("{FAE04EC0-301F-11D3-BF4B-00C04F79EFBC}") = "eval_iv_mateo_lopez", "eval_iv_mateo_lopez\eval_iv_mateo_lopez.csproj", "{1ECBCE1A-D8BC-44CA-B516-E52B9E4F1BC8}"
EndProject
Global
	GlobalSection(SolutionConfigurationPlatforms) = preSolution
		Debug|Any CPU = Debug|Any CPU
		Release|Any CPU = Release|Any CPU
	EndGlobalSection
	GlobalSection(ProjectConfigurationPlatforms) = postSolution
		{1ECBCE1A-D8BC-44CA-B516-E52B9E4F1BC8}.Debug|Any CPU.ActiveCfg = Debug|Any CPU
		{1ECBCE1A-D8BC-44CA-B516-E52B9E4F1BC8}.Debug|Any CPU.Build.0 = Debug|Any CPU
		{1ECBCE1A-D8BC-44CA-B516-E52B9E4F1BC8}.Release|Any CPU.ActiveCfg = Release|Any CPU
		{1ECBCE1A-D8BC-44CA-B516-E52B9E4F1BC8}.Release|Any CPU.Build.0 = Release|Any CPU
	EndGlobalSection
	GlobalSection(SolutionProperties) = preSolution
		HideSolutionNode = FALSE
	EndGlobalSection
	GlobalSection(ExtensibilityGlobals) = postSolution
		SolutionGuid = {EF132DEA-DBC9-41DC-B723-A9A5BE73111E}
	EndGlobalSection
EndGlobal
